
Microsoft Visual Studio Solution File, Format Version 12.00
# Visual Studio Version 17
VisualStudioVersion = 17.11.35017.193
MinimumVisualStudioVersion = 10.0.40219.1
Project("{9A19103F-16F7-4668-BE54-9A1E7A4F7556}") = "Batch4.Api.CinemaTicketBookingSystem", "Batch4.Api.CinemaTicketBookingSystem\Batch4.Api.CinemaTicketBookingSystem.csproj", "{578E1DFE-9EF4-4535-8777-C5B9E8A698ED}"
EndProject
Project("{2150E333-8FDC-42A3-9474-1A3956D46DE8}") = "Documents", "Documents", "{D696ED45-6AFF-4F5D-973E-A8EFF37DD50F}"
	ProjectSection(SolutionItems) = preProject
		..\..\..\..\Downloads\Telegram Desktop\MiniCinemaBookingSystem.sql = ..\..\..\..\Downloads\Telegram Desktop\MiniCinemaBookingSystem.sql
	EndProjectSection
EndProject
Global
	GlobalSection(SolutionConfigurationPlatforms) = preSolution
		Debug|Any CPU = Debug|Any CPU
		Release|Any CPU = Release|Any CPU
	EndGlobalSection
	GlobalSection(ProjectConfigurationPlatforms) = postSolution
		{578E1DFE-9EF4-4535-8777-C5B9E8A698ED}.Debug|Any CPU.ActiveCfg = Debug|Any CPU
		{578E1DFE-9EF4-4535-8777-C5B9E8A698ED}.Debug|Any CPU.Build.0 = Debug|Any CPU
		{578E1DFE-9EF4-4535-8777-C5B9E8A698ED}.Release|Any CPU.ActiveCfg = Release|Any CPU
		{578E1DFE-9EF4-4535-8777-C5B9E8A698ED}.Release|Any CPU.Build.0 = Release|Any CPU
	EndGlobalSection
	GlobalSection(SolutionProperties) = preSolution
		HideSolutionNode = FALSE
	EndGlobalSection
	GlobalSection(ExtensibilityGlobals) = postSolution
		SolutionGuid = {5E7F59DA-D514-4BC4-8195-F3B52006E881}
	EndGlobalSection
EndGlobal
